<?xml version="1.0" encoding="utf-8"?>
<Project ToolsVersion="4.0" xmlns="http://schemas.microsoft.com/developer/msbuild/2003">
  <ItemGroup>
    <Filter Include="Source Files">
      <UniqueIdentifier>{4FC737F1-C7A5-4376-A066-2A32D752A2FF}</UniqueIdentifier>
      <Extensions>cpp;c;cc;def;odl;idl;hpj;bat;asm;asmx</Extensions>
    </Filter>
    <Filter Include="Header Files">
      <UniqueIdentifier>{93995380-89BD-4b04-88EB-625FBE52EBFB}</UniqueIdentifier>
      <Extensions>h;hm;hpp;xsd</Extensions>
    </Filter>
    <Filter Include="Include Files">
      <UniqueIdentifier>{4fad4f29-45cc-4f2d-bd13-c59cc0fa8b96}</UniqueIdentifier>
      <Extensions>hxx;inl;inc</Extensions>
    </Filter>
    <Filter Include="SCU File">
      <UniqueIdentifier>{a93851c8-c73a-4d3e-9c8b-a08a076bc458}</UniqueIdentifier>
      <Extensions>cxx</Extensions>
    </Filter>
    <Filter Include="Configuration Files">
      <UniqueIdentifier>{6748d697-f698-49b0-b5a0-056462cad297}</UniqueIdentifier>
      <Extensions>xml;ini;txt</Extensions>
    </Filter>
  </ItemGroup>
  <ItemGroup>
    <ClCompile Include="..\src\Gamestate_One.cpp">
      <Filter>Source Files</Filter>
    </ClCompile>
    <ClCompile Include="..\src\application.cxx">
      <Filter>SCU File</Filter>
    </ClCompile>
    <ClCompile Include="..\src\Tutorial_State.cpp">
      <Filter>Source Files</Filter>
    </ClCompile>
    <ClCompile Include="..\src\zenilib.cxx">
      <Filter>Source Files</Filter>
    </ClCompile>
    <ClCompile Include="..\src\wiimote_state.cpp">
      <Filter>Source Files</Filter>
    </ClCompile>
    <ClCompile Include="..\src\Coin.cpp">
      <Filter>Source Files</Filter>
    </ClCompile>
    <ClCompile Include="..\src\GameObject.cpp">
      <Filter>Source Files</Filter>
    </ClCompile>
    <ClCompile Include="..\src\Board.cpp">
      <Filter>Source Files</Filter>
    </ClCompile>
    <ClCompile Include="..\src\GameModel.cpp">
      <Filter>Source Files</Filter>
    </ClCompile>
    <ClCompile Include="..\src\Player.cpp">
      <Filter>Source Files</Filter>
    </ClCompile>
    <ClCompile Include="..\src\MenuState.cpp">
      <Filter>Source Files</Filter>
    </ClCompile>
    <ClCompile Include="..\src\EasyAgent.cpp">
      <Filter>Source Files</Filter>
    </ClCompile>
    <ClCompile Include="..\src\AgentBase.cpp">
      <Filter>Source Files</Filter>
    </ClCompile>
  </ItemGroup>
  <ItemGroup>
    <ClInclude Include="..\include\zenilib.h">
      <Filter>Header Files</Filter>
    </ClInclude>
    <ClInclude Include="..\include\Tutorial_State.h">
      <Filter>Header Files</Filter>
    </ClInclude>
    <ClInclude Include="..\include\wiimote_events.h">
      <Filter>Header Files</Filter>
    </ClInclude>
    <ClInclude Include="..\include\wiimote_state.h">
      <Filter>Header Files</Filter>
    </ClInclude>
    <ClInclude Include="..\include\wiiuse.h">
      <Filter>Header Files</Filter>
    </ClInclude>
    <ClInclude Include="..\include\Board.h">
      <Filter>Header Files</Filter>
    </ClInclude>
    <ClInclude Include="..\include\Coin.h">
      <Filter>Header Files</Filter>
    </ClInclude>
    <ClInclude Include="..\include\GameModel.h">
      <Filter>Header Files</Filter>
    </ClInclude>
    <ClInclude Include="..\include\GameObject.h">
      <Filter>Header Files</Filter>
    </ClInclude>
    <ClInclude Include="..\include\Player.h">
      <Filter>Header Files</Filter>
    </ClInclude>
    <ClInclude Include="..\include\MenuState.h">
      <Filter>Header Files</Filter>
    </ClInclude>
    <ClInclude Include="..\include\EasyAgent.h">
      <Filter>Header Files</Filter>
    </ClInclude>
    <ClInclude Include="..\include\AgentBase.h">
      <Filter>Header Files</Filter>
    </ClInclude>
  </ItemGroup>
  <ItemGroup>
    <None Include="..\config\colors.xml">
      <Filter>Configuration Files</Filter>
    </None>
    <None Include="..\config\fonts.xml">
      <Filter>Configuration Files</Filter>
    </None>
    <None Include="..\config\sounds.xml">
      <Filter>Configuration Files</Filter>
    </None>
    <None Include="..\config\textures.xml">
      <Filter>Configuration Files</Filter>
    </None>
    <None Include="..\config\zenilib.xml">
      <Filter>Configuration Files</Filter>
    </None>
  </ItemGroup>
</Project>